// !$*UTF8*$!
{
	archiveVersion = 1;
	classes = {
	};
	objectVersion = 50;
	objects = {

/* Begin PBXBuildFile section */
		04171847224D4AC600F99188 /* JokeTableViewCell.swift in Sources */ = {isa = PBXBuildFile; fileRef = 04171845224D4AC600F99188 /* JokeTableViewCell.swift */; };
		04171848224D4AC600F99188 /* JokeTableViewCell.xib in Resources */ = {isa = PBXBuildFile; fileRef = 04171846224D4AC600F99188 /* JokeTableViewCell.xib */; };
		0417184A224D673D00F99188 /* JokesCollectionViewController.swift in Sources */ = {isa = PBXBuildFile; fileRef = 04171849224D673D00F99188 /* JokesCollectionViewController.swift */; };
		0417184D224D698B00F99188 /* JokeCollectionViewCell.swift in Sources */ = {isa = PBXBuildFile; fileRef = 0417184B224D698B00F99188 /* JokeCollectionViewCell.swift */; };
		0417184E224D698B00F99188 /* JokeCollectionViewCell.xib in Resources */ = {isa = PBXBuildFile; fileRef = 0417184C224D698B00F99188 /* JokeCollectionViewCell.xib */; };
		0417189D2252550D00F99188 /* (null) in Sources */ = {isa = PBXBuildFile; };
		5CC43F0E224EBA7400A58DBC /* JokeController.swift in Sources */ = {isa = PBXBuildFile; fileRef = 5CC43F0D224EBA7400A58DBC /* JokeController.swift */; };
		5CC43F112252457D00A58DBC /* NetworkController.swift in Sources */ = {isa = PBXBuildFile; fileRef = 5CC43F102252457D00A58DBC /* NetworkController.swift */; };
		5CC43F142252544000A58DBC /* JokesAPI.xcdatamodeld in Sources */ = {isa = PBXBuildFile; fileRef = 5CC43F122252544000A58DBC /* JokesAPI.xcdatamodeld */; };
		5CC43F162252570800A58DBC /* CoreData+JokesAPI.swift in Sources */ = {isa = PBXBuildFile; fileRef = 5CC43F152252570800A58DBC /* CoreData+JokesAPI.swift */; };
		5CC43F392253A52F00A58DBC /* KeychainPasswordItem.swift in Sources */ = {isa = PBXBuildFile; fileRef = 5CC43F382253A52F00A58DBC /* KeychainPasswordItem.swift */; };
		5CC43F3B2253A9A900A58DBC /* LoginViewController.swift in Sources */ = {isa = PBXBuildFile; fileRef = 5CC43F3A2253A9A900A58DBC /* LoginViewController.swift */; };
		5CFBC434224BC88D0016DA86 /* AppDelegate.swift in Sources */ = {isa = PBXBuildFile; fileRef = 5CFBC433224BC88D0016DA86 /* AppDelegate.swift */; };
		5CFBC436224BC88D0016DA86 /* ViewController.swift in Sources */ = {isa = PBXBuildFile; fileRef = 5CFBC435224BC88D0016DA86 /* ViewController.swift */; };
		5CFBC439224BC88D0016DA86 /* Main.storyboard in Resources */ = {isa = PBXBuildFile; fileRef = 5CFBC437224BC88D0016DA86 /* Main.storyboard */; };
		5CFBC43B224BC88F0016DA86 /* Assets.xcassets in Resources */ = {isa = PBXBuildFile; fileRef = 5CFBC43A224BC88F0016DA86 /* Assets.xcassets */; };
		5CFBC43E224BC88F0016DA86 /* LaunchScreen.storyboard in Resources */ = {isa = PBXBuildFile; fileRef = 5CFBC43C224BC88F0016DA86 /* LaunchScreen.storyboard */; };
		5CFBC446224BD3CD0016DA86 /* Joke.swift in Sources */ = {isa = PBXBuildFile; fileRef = 5CFBC445224BD3CD0016DA86 /* Joke.swift */; };
/* End PBXBuildFile section */

/* Begin PBXFileReference section */
		04171845224D4AC600F99188 /* JokeTableViewCell.swift */ = {isa = PBXFileReference; lastKnownFileType = sourcecode.swift; path = JokeTableViewCell.swift; sourceTree = "<group>"; };
		04171846224D4AC600F99188 /* JokeTableViewCell.xib */ = {isa = PBXFileReference; lastKnownFileType = file.xib; path = JokeTableViewCell.xib; sourceTree = "<group>"; };
		04171849224D673D00F99188 /* JokesCollectionViewController.swift */ = {isa = PBXFileReference; lastKnownFileType = sourcecode.swift; path = JokesCollectionViewController.swift; sourceTree = "<group>"; };
		0417184B224D698B00F99188 /* JokeCollectionViewCell.swift */ = {isa = PBXFileReference; lastKnownFileType = sourcecode.swift; path = JokeCollectionViewCell.swift; sourceTree = "<group>"; };
		0417184C224D698B00F99188 /* JokeCollectionViewCell.xib */ = {isa = PBXFileReference; lastKnownFileType = file.xib; path = JokeCollectionViewCell.xib; sourceTree = "<group>"; };
		0417189E2252579300F99188 /* CoreDataController.swift */ = {isa = PBXFileReference; lastKnownFileType = sourcecode.swift; path = CoreDataController.swift; sourceTree = "<group>"; };
		5CC43F0D224EBA7400A58DBC /* JokeController.swift */ = {isa = PBXFileReference; lastKnownFileType = sourcecode.swift; path = JokeController.swift; sourceTree = "<group>"; };
		5CC43F102252457D00A58DBC /* NetworkController.swift */ = {isa = PBXFileReference; lastKnownFileType = sourcecode.swift; path = NetworkController.swift; sourceTree = "<group>"; };
		5CC43F132252544000A58DBC /* CDJoke.xcdatamodel */ = {isa = PBXFileReference; lastKnownFileType = wrapper.xcdatamodel; path = CDJoke.xcdatamodel; sourceTree = "<group>"; };
		5CC43F152252570800A58DBC /* CoreData+JokesAPI.swift */ = {isa = PBXFileReference; lastKnownFileType = sourcecode.swift; path = "CoreData+JokesAPI.swift"; sourceTree = "<group>"; };
		5CC43F382253A52F00A58DBC /* KeychainPasswordItem.swift */ = {isa = PBXFileReference; lastKnownFileType = sourcecode.swift; path = KeychainPasswordItem.swift; sourceTree = "<group>"; };
		5CC43F3A2253A9A900A58DBC /* LoginViewController.swift */ = {isa = PBXFileReference; lastKnownFileType = sourcecode.swift; path = LoginViewController.swift; sourceTree = "<group>"; };
		5CFBC430224BC88D0016DA86 /* JokesAPI.app */ = {isa = PBXFileReference; explicitFileType = wrapper.application; includeInIndex = 0; path = JokesAPI.app; sourceTree = BUILT_PRODUCTS_DIR; };
		5CFBC433224BC88D0016DA86 /* AppDelegate.swift */ = {isa = PBXFileReference; lastKnownFileType = sourcecode.swift; path = AppDelegate.swift; sourceTree = "<group>"; };
		5CFBC435224BC88D0016DA86 /* ViewController.swift */ = {isa = PBXFileReference; lastKnownFileType = sourcecode.swift; path = ViewController.swift; sourceTree = "<group>"; };
		5CFBC438224BC88D0016DA86 /* Base */ = {isa = PBXFileReference; lastKnownFileType = file.storyboard; name = Base; path = Base.lproj/Main.storyboard; sourceTree = "<group>"; };
		5CFBC43A224BC88F0016DA86 /* Assets.xcassets */ = {isa = PBXFileReference; lastKnownFileType = folder.assetcatalog; path = Assets.xcassets; sourceTree = "<group>"; };
		5CFBC43D224BC88F0016DA86 /* Base */ = {isa = PBXFileReference; lastKnownFileType = file.storyboard; name = Base; path = Base.lproj/LaunchScreen.storyboard; sourceTree = "<group>"; };
		5CFBC43F224BC88F0016DA86 /* Info.plist */ = {isa = PBXFileReference; lastKnownFileType = text.plist.xml; path = Info.plist; sourceTree = "<group>"; };
		5CFBC445224BD3CD0016DA86 /* Joke.swift */ = {isa = PBXFileReference; lastKnownFileType = sourcecode.swift; path = Joke.swift; sourceTree = "<group>"; };
/* End PBXFileReference section */

/* Begin PBXFrameworksBuildPhase section */
		5CFBC42D224BC88D0016DA86 /* Frameworks */ = {
			isa = PBXFrameworksBuildPhase;
			buildActionMask = 2147483647;
			files = (
			);
			runOnlyForDeploymentPostprocessing = 0;
		};
/* End PBXFrameworksBuildPhase section */

/* Begin PBXGroup section */
		5CC43F0A224EBA2800A58DBC /* View */ = {
			isa = PBXGroup;
			children = (
				5CFBC435224BC88D0016DA86 /* ViewController.swift */,
				5CFBC437224BC88D0016DA86 /* Main.storyboard */,
				04171845224D4AC600F99188 /* JokeTableViewCell.swift */,
				04171846224D4AC600F99188 /* JokeTableViewCell.xib */,
				04171849224D673D00F99188 /* JokesCollectionViewController.swift */,
				0417184B224D698B00F99188 /* JokeCollectionViewCell.swift */,
				0417184C224D698B00F99188 /* JokeCollectionViewCell.xib */,
				5CC43F3A2253A9A900A58DBC /* LoginViewController.swift */,
			);
			path = View;
			sourceTree = "<group>";
		};
		5CC43F0B224EBA3300A58DBC /* Model */ = {
			isa = PBXGroup;
			children = (
				5CFBC445224BD3CD0016DA86 /* Joke.swift */,
				5CC43F122252544000A58DBC /* JokesAPI.xcdatamodeld */,
				5CC43F152252570800A58DBC /* CoreData+JokesAPI.swift */,
			);
			path = Model;
			sourceTree = "<group>";
		};
		5CC43F0C224EBA5100A58DBC /* Controller */ = {
			isa = PBXGroup;
			children = (
				5CC43F0D224EBA7400A58DBC /* JokeController.swift */,
				0417189E2252579300F99188 /* CoreDataController.swift */,
			);
			name = Controller;
			sourceTree = "<group>";
		};
		5CC43F0F2252456600A58DBC /* Helpers */ = {
			isa = PBXGroup;
			children = (
				5CC43F102252457D00A58DBC /* NetworkController.swift */,
				5CC43F382253A52F00A58DBC /* KeychainPasswordItem.swift */,
			);
			name = Helpers;
			sourceTree = "<group>";
		};
		5CFBC427224BC88D0016DA86 = {
			isa = PBXGroup;
			children = (
				5CFBC432224BC88D0016DA86 /* JokesAPI */,
				5CFBC431224BC88D0016DA86 /* Products */,
			);
			sourceTree = "<group>";
		};
		5CFBC431224BC88D0016DA86 /* Products */ = {
			isa = PBXGroup;
			children = (
				5CFBC430224BC88D0016DA86 /* JokesAPI.app */,
			);
			name = Products;
			sourceTree = "<group>";
		};
		5CFBC432224BC88D0016DA86 /* JokesAPI */ = {
			isa = PBXGroup;
			children = (
				5CFBC433224BC88D0016DA86 /* AppDelegate.swift */,
				5CC43F0B224EBA3300A58DBC /* Model */,
				5CC43F0C224EBA5100A58DBC /* Controller */,
				5CC43F0A224EBA2800A58DBC /* View */,
				5CC43F0F2252456600A58DBC /* Helpers */,
				5CFBC43A224BC88F0016DA86 /* Assets.xcassets */,
				5CFBC43C224BC88F0016DA86 /* LaunchScreen.storyboard */,
				5CFBC43F224BC88F0016DA86 /* Info.plist */,
			);
			path = JokesAPI;
			sourceTree = "<group>";
		};
/* End PBXGroup section */

/* Begin PBXNativeTarget section */
		5CFBC42F224BC88D0016DA86 /* JokesAPI */ = {
			isa = PBXNativeTarget;
			buildConfigurationList = 5CFBC442224BC88F0016DA86 /* Build configuration list for PBXNativeTarget "JokesAPI" */;
			buildPhases = (
				5CFBC42C224BC88D0016DA86 /* Sources */,
				5CFBC42D224BC88D0016DA86 /* Frameworks */,
				5CFBC42E224BC88D0016DA86 /* Resources */,
			);
			buildRules = (
			);
			dependencies = (
			);
			name = JokesAPI;
			productName = JokesAPI;
			productReference = 5CFBC430224BC88D0016DA86 /* JokesAPI.app */;
			productType = "com.apple.product-type.application";
		};
/* End PBXNativeTarget section */

/* Begin PBXProject section */
		5CFBC428224BC88D0016DA86 /* Project object */ = {
			isa = PBXProject;
			attributes = {
				LastSwiftUpdateCheck = 1010;
				LastUpgradeCheck = 1010;
				ORGANIZATIONNAME = "Jeremiah Hawks";
				TargetAttributes = {
					5CFBC42F224BC88D0016DA86 = {
						CreatedOnToolsVersion = 10.1;
					};
				};
			};
			buildConfigurationList = 5CFBC42B224BC88D0016DA86 /* Build configuration list for PBXProject "JokesAPI" */;
			compatibilityVersion = "Xcode 9.3";
			developmentRegion = en;
			hasScannedForEncodings = 0;
			knownRegions = (
				en,
				Base,
			);
			mainGroup = 5CFBC427224BC88D0016DA86;
			productRefGroup = 5CFBC431224BC88D0016DA86 /* Products */;
			projectDirPath = "";
			projectRoot = "";
			targets = (
				5CFBC42F224BC88D0016DA86 /* JokesAPI */,
			);
		};
/* End PBXProject section */

/* Begin PBXResourcesBuildPhase section */
		5CFBC42E224BC88D0016DA86 /* Resources */ = {
			isa = PBXResourcesBuildPhase;
			buildActionMask = 2147483647;
			files = (
				5CFBC43E224BC88F0016DA86 /* LaunchScreen.storyboard in Resources */,
				04171848224D4AC600F99188 /* JokeTableViewCell.xib in Resources */,
				5CFBC43B224BC88F0016DA86 /* Assets.xcassets in Resources */,
				5CFBC439224BC88D0016DA86 /* Main.storyboard in Resources */,
				0417184E224D698B00F99188 /* JokeCollectionViewCell.xib in Resources */,
			);
			runOnlyForDeploymentPostprocessing = 0;
		};
/* End PBXResourcesBuildPhase section */

/* Begin PBXSourcesBuildPhase section */
		5CFBC42C224BC88D0016DA86 /* Sources */ = {
			isa = PBXSourcesBuildPhase;
			buildActionMask = 2147483647;
			files = (
				5CC43F112252457D00A58DBC /* NetworkController.swift in Sources */,
				0417184A224D673D00F99188 /* JokesCollectionViewController.swift in Sources */,
				5CC43F142252544000A58DBC /* JokesAPI.xcdatamodeld in Sources */,
				0417184D224D698B00F99188 /* JokeCollectionViewCell.swift in Sources */,
				0417189D2252550D00F99188 /* (null) in Sources */,
				5CFBC436224BC88D0016DA86 /* ViewController.swift in Sources */,
				5CFBC434224BC88D0016DA86 /* AppDelegate.swift in Sources */,
				5CC43F162252570800A58DBC /* CoreData+JokesAPI.swift in Sources */,
				04171847224D4AC600F99188 /* JokeTableViewCell.swift in Sources */,
				5CC43F0E224EBA7400A58DBC /* JokeController.swift in Sources */,
				5CFBC446224BD3CD0016DA86 /* Joke.swift in Sources */,
				5CC43F3B2253A9A900A58DBC /* LoginViewController.swift in Sources */,
				5CC43F392253A52F00A58DBC /* KeychainPasswordItem.swift in Sources */,
			);
			runOnlyForDeploymentPostprocessing = 0;
		};
/* End PBXSourcesBuildPhase section */

/* Begin PBXVariantGroup section */
		5CFBC437224BC88D0016DA86 /* Main.storyboard */ = {
			isa = PBXVariantGroup;
			children = (
				5CFBC438224BC88D0016DA86 /* Base */,
			);
			name = Main.storyboard;
			sourceTree = "<group>";
		};
		5CFBC43C224BC88F0016DA86 /* LaunchScreen.storyboard */ = {
			isa = PBXVariantGroup;
			children = (
				5CFBC43D224BC88F0016DA86 /* Base */,
			);
			name = LaunchScreen.storyboard;
			sourceTree = "<group>";
		};
/* End PBXVariantGroup section */

/* Begin XCBuildConfiguration section */
		5CFBC440224BC88F0016DA86 /* Debug */ = {
			isa = XCBuildConfiguration;
			buildSettings = {
				ALWAYS_SEARCH_USER_PATHS = NO;
				CLANG_ANALYZER_NONNULL = YES;
				CLANG_ANALYZER_NUMBER_OBJECT_CONVERSION = YES_AGGRESSIVE;
				CLANG_CXX_LANGUAGE_STANDARD = "gnu++14";
				CLANG_CXX_LIBRARY = "libc++";
				CLANG_ENABLE_MODULES = YES;
				CLANG_ENABLE_OBJC_ARC = YES;
				CLANG_ENABLE_OBJC_WEAK = YES;
				CLANG_WARN_BLOCK_CAPTURE_AUTORELEASING = YES;
				CLANG_WARN_BOOL_CONVERSION = YES;
				CLANG_WARN_COMMA = YES;
				CLANG_WARN_CONSTANT_CONVERSION = YES;
				CLANG_WARN_DEPRECATED_OBJC_IMPLEMENTATIONS = YES;
				CLANG_WARN_DIRECT_OBJC_ISA_USAGE = YES_ERROR;
				CLANG_WARN_DOCUMENTATION_COMMENTS = YES;
				CLANG_WARN_EMPTY_BODY = YES;
				CLANG_WARN_ENUM_CONVERSION = YES;
				CLANG_WARN_INFINITE_RECURSION = YES;
				CLANG_WARN_INT_CONVERSION = YES;
				CLANG_WARN_NON_LITERAL_NULL_CONVERSION = YES;
				CLANG_WARN_OBJC_IMPLICIT_RETAIN_SELF = YES;
				CLANG_WARN_OBJC_LITERAL_CONVERSION = YES;
				CLANG_WARN_OBJC_ROOT_CLASS = YES_ERROR;
				CLANG_WARN_RANGE_LOOP_ANALYSIS = YES;
				CLANG_WARN_STRICT_PROTOTYPES = YES;
				CLANG_WARN_SUSPICIOUS_MOVE = YES;
				CLANG_WARN_UNGUARDED_AVAILABILITY = YES_AGGRESSIVE;
				CLANG_WARN_UNREACHABLE_CODE = YES;
				CLANG_WARN__DUPLICATE_METHOD_MATCH = YES;
				CODE_SIGN_IDENTITY = "iPhone Developer";
				COPY_PHASE_STRIP = NO;
				DEBUG_INFORMATION_FORMAT = dwarf;
				ENABLE_STRICT_OBJC_MSGSEND = YES;
				ENABLE_TESTABILITY = YES;
				GCC_C_LANGUAGE_STANDARD = gnu11;
				GCC_DYNAMIC_NO_PIC = NO;
				GCC_NO_COMMON_BLOCKS = YES;
				GCC_OPTIMIZATION_LEVEL = 0;
				GCC_PREPROCESSOR_DEFINITIONS = (
					"DEBUG=1",
					"$(inherited)",
				);
				GCC_WARN_64_TO_32_BIT_CONVERSION = YES;
				GCC_WARN_ABOUT_RETURN_TYPE = YES_ERROR;
				GCC_WARN_UNDECLARED_SELECTOR = YES;
				GCC_WARN_UNINITIALIZED_AUTOS = YES_AGGRESSIVE;
				GCC_WARN_UNUSED_FUNCTION = YES;
				GCC_WARN_UNUSED_VARIABLE = YES;
				IPHONEOS_DEPLOYMENT_TARGET = 12.1;
				MTL_ENABLE_DEBUG_INFO = INCLUDE_SOURCE;
				MTL_FAST_MATH = YES;
				ONLY_ACTIVE_ARCH = YES;
				SDKROOT = iphoneos;
				SWIFT_ACTIVE_COMPILATION_CONDITIONS = DEBUG;
				SWIFT_OPTIMIZATION_LEVEL = "-Onone";
			};
			name = Debug;
		};
		5CFBC441224BC88F0016DA86 /* Release */ = {
			isa = XCBuildConfiguration;
			buildSettings = {
				ALWAYS_SEARCH_USER_PATHS = NO;
				CLANG_ANALYZER_NONNULL = YES;
				CLANG_ANALYZER_NUMBER_OBJECT_CONVERSION = YES_AGGRESSIVE;
				CLANG_CXX_LANGUAGE_STANDARD = "gnu++14";
				CLANG_CXX_LIBRARY = "libc++";
				CLANG_ENABLE_MODULES = YES;
				CLANG_ENABLE_OBJC_ARC = YES;
				CLANG_ENABLE_OBJC_WEAK = YES;
				CLANG_WARN_BLOCK_CAPTURE_AUTORELEASING = YES;
				CLANG_WARN_BOOL_CONVERSION = YES;
				CLANG_WARN_COMMA = YES;
				CLANG_WARN_CONSTANT_CONVERSION = YES;
				CLANG_WARN_DEPRECATED_OBJC_IMPLEMENTATIONS = YES;
				CLANG_WARN_DIRECT_OBJC_ISA_USAGE = YES_ERROR;
				CLANG_WARN_DOCUMENTATION_COMMENTS = YES;
				CLANG_WARN_EMPTY_BODY = YES;
				CLANG_WARN_ENUM_CONVERSION = YES;
				CLANG_WARN_INFINITE_RECURSION = YES;
				CLANG_WARN_INT_CONVERSION = YES;
				CLANG_WARN_NON_LITERAL_NULL_CONVERSION = YES;
				CLANG_WARN_OBJC_IMPLICIT_RETAIN_SELF = YES;
				CLANG_WARN_OBJC_LITERAL_CONVERSION = YES;
				CLANG_WARN_OBJC_ROOT_CLASS = YES_ERROR;
				CLANG_WARN_RANGE_LOOP_ANALYSIS = YES;
				CLANG_WARN_STRICT_PROTOTYPES = YES;
				CLANG_WARN_SUSPICIOUS_MOVE = YES;
				CLANG_WARN_UNGUARDED_AVAILABILITY = YES_AGGRESSIVE;
				CLANG_WARN_UNREACHABLE_CODE = YES;
				CLANG_WARN__DUPLICATE_METHOD_MATCH = YES;
				CODE_SIGN_IDENTITY = "iPhone Developer";
				COPY_PHASE_STRIP = NO;
				DEBUG_INFORMATION_FORMAT = "dwarf-with-dsym";
				ENABLE_NS_ASSERTIONS = NO;
				ENABLE_STRICT_OBJC_MSGSEND = YES;
				GCC_C_LANGUAGE_STANDARD = gnu11;
				GCC_NO_COMMON_BLOCKS = YES;
				GCC_WARN_64_TO_32_BIT_CONVERSION = YES;
				GCC_WARN_ABOUT_RETURN_TYPE = YES_ERROR;
				GCC_WARN_UNDECLARED_SELECTOR = YES;
				GCC_WARN_UNINITIALIZED_AUTOS = YES_AGGRESSIVE;
				GCC_WARN_UNUSED_FUNCTION = YES;
				GCC_WARN_UNUSED_VARIABLE = YES;
				IPHONEOS_DEPLOYMENT_TARGET = 12.1;
				MTL_ENABLE_DEBUG_INFO = NO;
				MTL_FAST_MATH = YES;
				SDKROOT = iphoneos;
				SWIFT_COMPILATION_MODE = wholemodule;
				SWIFT_OPTIMIZATION_LEVEL = "-O";
				VALIDATE_PRODUCT = YES;
			};
			name = Release;
		};
		5CFBC443224BC88F0016DA86 /* Debug */ = {
			isa = XCBuildConfiguration;
			buildSettings = {
				ASSETCATALOG_COMPILER_APPICON_NAME = AppIcon;
				CODE_SIGN_STYLE = Automatic;
				DEVELOPMENT_TEAM = 33GW7EC95V;
				INFOPLIST_FILE = JokesAPI/Info.plist;
				LD_RUNPATH_SEARCH_PATHS = (
					"$(inherited)",
					"@executable_path/Frameworks",
				);
				PRODUCT_BUNDLE_IDENTIFIER = "Jeremiah-Hawks.JokesAPI";
				PRODUCT_NAME = "$(TARGET_NAME)";
				SWIFT_VERSION = 4.2;
				TARGETED_DEVICE_FAMILY = "1,2";
			};
			name = Debug;
		};
		5CFBC444224BC88F0016DA86 /* Release */ = {
			isa = XCBuildConfiguration;
			buildSettings = {
				ASSETCATALOG_COMPILER_APPICON_NAME = AppIcon;
				CODE_SIGN_STYLE = Automatic;
				DEVELOPMENT_TEAM = 33GW7EC95V;
				INFOPLIST_FILE = JokesAPI/Info.plist;
				LD_RUNPATH_SEARCH_PATHS = (
					"$(inherited)",
					"@executable_path/Frameworks",
				);
				PRODUCT_BUNDLE_IDENTIFIER = "Jeremiah-Hawks.JokesAPI";
				PRODUCT_NAME = "$(TARGET_NAME)";
				SWIFT_VERSION = 4.2;
				TARGETED_DEVICE_FAMILY = "1,2";
			};
			name = Release;
		};
/* End XCBuildConfiguration section */

/* Begin XCConfigurationList section */
		5CFBC42B224BC88D0016DA86 /* Build configuration list for PBXProject "JokesAPI" */ = {
			isa = XCConfigurationList;
			buildConfigurations = (
				5CFBC440224BC88F0016DA86 /* Debug */,
				5CFBC441224BC88F0016DA86 /* Release */,
			);
			defaultConfigurationIsVisible = 0;
			defaultConfigurationName = Release;
		};
		5CFBC442224BC88F0016DA86 /* Build configuration list for PBXNativeTarget "JokesAPI" */ = {
			isa = XCConfigurationList;
			buildConfigurations = (
				5CFBC443224BC88F0016DA86 /* Debug */,
				5CFBC444224BC88F0016DA86 /* Release */,
			);
			defaultConfigurationIsVisible = 0;
			defaultConfigurationName = Release;
		};
/* End XCConfigurationList section */

/* Begin XCVersionGroup section */
		5CC43F122252544000A58DBC /* JokesAPI.xcdatamodeld */ = {
			isa = XCVersionGroup;
			children = (
				5CC43F132252544000A58DBC /* CDJoke.xcdatamodel */,
			);
			currentVersion = 5CC43F132252544000A58DBC /* CDJoke.xcdatamodel */;
			path = JokesAPI.xcdatamodeld;
			sourceTree = "<group>";
			versionGroupType = wrapper.xcdatamodel;
		};
/* End XCVersionGroup section */
	};
	rootObject = 5CFBC428224BC88D0016DA86 /* Project object */;
}
